{
  "lockfileVersion": 1,
  "configVersion": 0,
  "workspaces": {
    "": {
      "name": "iztro",
      "dependencies": {
        "dayjs": "^1.11.10",
        "i18next": "^23.16.8",
        "lunar-lite": "^0.2.8",
        "lunar-typescript": "^1.8.6",
      },
      "devDependencies": {
        "rolldown": "^1.1.2",
        "typescript": "^5.9.3",
      },
    },
  },
  "packages": {
    "@babel/runtime": ["@babel/runtime@7.26.10", "", { "dependencies": { "regenerator-runtime": "^0.14.0" } }, "sha512-2WJMeRQPHKSPemqk/awGrAiuFfzBmOIPXKizAsVhWH9YJqLZ0H+HS4c8loHGgW6utJ3E/ejXQUsiGaQy2NZ9Fw=="],

    "@emnapi/core": ["@emnapi/core@1.11.1", "", { "dependencies": { "@emnapi/wasi-threads": "1.2.2", "tslib": "^2.4.0" } }, "sha512-RSvbQmHzdKzNsLYa/wHrbc3KN4sYLKAdPZxqiM2HATqv/SBk2/ENSHpvXGaLOMcsAyz0poEGqkmmKYG3OWiJEQ=="],

    "@emnapi/runtime": ["@emnapi/runtime@1.11.1", "", { "dependencies": { "tslib": "^2.4.0" } }, "sha512-vgj7R3y3Wgx24IQaGPA/R6YFXLHVMOZ0uVEyIQPaWs+rd1AzfEMXlAC22FYwO1XkKR6NPsq7mUandH8oIRdZFw=="],

    "@emnapi/wasi-threads": ["@emnapi/wasi-threads@1.2.2", "", { "dependencies": { "tslib": "^2.4.0" } }, "sha512-c95qOXkHdydNKhscBTebqEC1CVAZpyqOfVfBzQ1qgzyl3gfeldUjIggDbIZgDKsHLgnsM+igH7TJ/eAasaVuMA=="],

    "@napi-rs/wasm-runtime": ["@napi-rs/wasm-runtime@1.1.5", "", { "dependencies": { "@tybys/wasm-util": "^0.10.2" }, "peerDependencies": { "@emnapi/core": "^1.7.1", "@emnapi/runtime": "^1.7.1" } }, "sha512-AWPoBRJ9tsnVhor4sjO7rkni+7p+2IAEFj6cx06UgP10jkQHqay/36uRV/bFkgrh18D9vb4cr8Q0Pthskgzy+Q=="],

    "@oxc-project/types": ["@oxc-project/types@0.137.0", "", {}, "sha512-WT+Gb24i8hmvo85AIv2oEYouEXkRlKAlT9WaCa3TfLgNCN+GhrJOGZuIlMouAh38Qe4QOx26eUOVsq70qXrywA=="],

    "@rolldown/binding-android-arm64": ["@rolldown/binding-android-arm64@1.1.2", "", { "os": "android", "cpu": "arm64" }, "sha512-2cZ+7xRS+DBcuJBJKnfzsbleumJhBqSlJVpuzHC0nTqfd3QQ7Vx2/x5YR/D7cBamKSeWplwo82Fn9lqYUDEMfA=="],

    "@rolldown/binding-darwin-arm64": ["@rolldown/binding-darwin-arm64@1.1.2", "", { "os": "darwin", "cpu": "arm64" }, "sha512-RkPMJnygxsgOYdkfqgpwY0/Fzm8d0VQe6HGU2/B00Xa9eqdLbrII+DOKAodbJAn3ZL1AJxGHkZRPYazgGY6Ljw=="],

    "@rolldown/binding-darwin-x64": ["@rolldown/binding-darwin-x64@1.1.2", "", { "os": "darwin", "cpu": "x64" }, "sha512-Uiczh6vFhwyfd7WNe7Q7mCA4KxAiLdz7jPE/WGizfRpIieoyFuNVMmM8HqZ9HwudTkY6/AeMQwlNJ9NJijguWw=="],

    "@rolldown/binding-freebsd-x64": ["@rolldown/binding-freebsd-x64@1.1.2", "", { "os": "freebsd", "cpu": "x64" }, "sha512-+TpdtTRgHiJFjCVFbw311SuLk3KfytPOQQn+VlAEv+gBxYPtL7E6JS9e/tk+8CwxhIZvemJKo4rTKgfWNsKkkA=="],

    "@rolldown/binding-linux-arm-gnueabihf": ["@rolldown/binding-linux-arm-gnueabihf@1.1.2", "", { "os": "linux", "cpu": "arm" }, "sha512-4lv1/tkmi7ueIVHnyreaOeUpiZP26BH9rRy6hoYfR9310A2B9nUEVRDvBx69vx64Nr3eTPPRkyciqJJs+j9Jmw=="],

    "@rolldown/binding-linux-arm64-gnu": ["@rolldown/binding-linux-arm64-gnu@1.1.2", "", { "os": "linux", "cpu": "arm64" }, "sha512-gBSUVO0eaWgw1JMjK3gB8BMlX2Mk148s2lTiVT3e9vjVxbl7UDfMWWY8CfIaaqiXuM9fVTMxIpUz6CAo/B6Vlw=="],

    "@rolldown/binding-linux-arm64-musl": ["@rolldown/binding-linux-arm64-musl@1.1.2", "", { "os": "linux", "cpu": "arm64" }, "sha512-LjQP/iZLBu8o8PjIfk4x3At0/mT6h282pvz8Z5LAyhGbu/kDezyO7ea62rF5uoqmgnIYqbN/MqJ3Si3Aymi7xQ=="],

    "@rolldown/binding-linux-ppc64-gnu": ["@rolldown/binding-linux-ppc64-gnu@1.1.2", "", { "os": "linux", "cpu": "ppc64" }, "sha512-X/7bVLWelEsbyWDUSXt7zVsTniLLPIY2n1rH58qr78l9i7MNbbxBWD8gI2vRfBWf4NUXJCUuQnfZDsp32LqsfQ=="],

    "@rolldown/binding-linux-s390x-gnu": ["@rolldown/binding-linux-s390x-gnu@1.1.2", "", { "os": "linux", "cpu": "s390x" }, "sha512-gb6dYKW/1KDorGXyy48glEBJs/sxVSC5pcVrox/pFGV4mvwSFeg2sK5L2tRkVsVlh7kueqOgg4GEcuipJcGuKg=="],

    "@rolldown/binding-linux-x64-gnu": ["@rolldown/binding-linux-x64-gnu@1.1.2", "", { "os": "linux", "cpu": "x64" }, "sha512-JY4w85pU3iAiJVMh5nuk4/Mh9GjMsupe8MrIN53rwxAZW64GKrWeJBuN6SxQg9QTU5uB1cxyhDzW8jqRn1EABw=="],

    "@rolldown/binding-linux-x64-musl": ["@rolldown/binding-linux-x64-musl@1.1.2", "", { "os": "linux", "cpu": "x64" }, "sha512-xvpA7o5KCYLB0Rwscmuylb1/zHHSUx4g4xilm4prC5jP76pEUlzBmMbgpbh7bVDbId4NcfT96gN5i6mE6UDaiw=="],

    "@rolldown/binding-openharmony-arm64": ["@rolldown/binding-openharmony-arm64@1.1.2", "", { "os": "none", "cpu": "arm64" }, "sha512-p/ts6KBLjuk49Bp21XH77poQGt02iNz7ChgHep7tudPOaLinR/De/RHdxF8w8Yj4r/bF/bqXwH6PZrB2sA+Nvw=="],

    "@rolldown/binding-wasm32-wasi": ["@rolldown/binding-wasm32-wasi@1.1.2", "", { "dependencies": { "@emnapi/core": "1.11.1", "@emnapi/runtime": "1.11.1", "@napi-rs/wasm-runtime": "^1.1.5" }, "cpu": "none" }, "sha512-VMu/wmrZ9hJzYlRhbw7jK5PODlugyKZ5mOdX78+lS8OvuFkWNQdz1pFLrI2p3P0pjXOmUZ7B48o5VnMH9QOGtg=="],

    "@rolldown/binding-win32-arm64-msvc": ["@rolldown/binding-win32-arm64-msvc@1.1.2", "", { "os": "win32", "cpu": "arm64" }, "sha512-xtUJqs8qEkuSviS0n1tsohaPuz3a1SPhZywOji4Oo+sgrJs8daEDMZ0QtqL0OS7dx8PoVpg2J/ZZycPY5I2+Zg=="],

    "@rolldown/binding-win32-x64-msvc": ["@rolldown/binding-win32-x64-msvc@1.1.2", "", { "os": "win32", "cpu": "x64" }, "sha512-85YiLQqjUKgSO/Zjnf9e0XIn5Ymrh1fLDWBeAkZqpuBR/3R8TpfoHXuyblqyQrftSSgWO9qpcHN8mkyKsLraoA=="],

    "@rolldown/pluginutils": ["@rolldown/pluginutils@1.0.1", "", {}, "sha512-2j9bGt5Jh8hj+vPtgzPtl72j0yRxHAyumoo6TNfAjsLB04UtpSvPbPcDcBMxz7n+9CYB0c1GxQFxYRg2jimqGw=="],

    "@tybys/wasm-util": ["@tybys/wasm-util@0.10.2", "", { "dependencies": { "tslib": "^2.4.0" } }, "sha512-RoBvJ2X0wuKlWFIjrwffGw1IqZHKQqzIchKaadZZfnNpsAYp2mM0h36JtPCjNDAHGgYez/15uMBpfGwchhiMgg=="],

    "dayjs": ["dayjs@1.11.21", "", {}, "sha512-98IT+HOahAisibz/yjKbzuOBwYcjJ7BCLPzARyHiyEBmRz4fatF+KPJszEHXsGYjUG234aH/cOjW1wwTbKUZlA=="],

    "i18next": ["i18next@23.16.8", "", { "dependencies": { "@babel/runtime": "^7.23.2" } }, "sha512-06r/TitrM88Mg5FdUXAKL96dJMzgqLE5dv3ryBAra4KCwD9mJ4ndOTS95ZuymIGoE+2hzfdaMak2X11/es7ZWg=="],

    "lunar-lite": ["lunar-lite@0.2.8", "", { "dependencies": { "lunar-typescript": "^1.8.6" } }, "sha512-Y4tba4RaIFI0ikImJhgoEsyqtDE64lJIM3yFwRX01dbmagCDq7rNmpDQFrSFFy4WXeuywdRVFpIBoT1GGCEizw=="],

    "lunar-typescript": ["lunar-typescript@1.8.6", "", {}, "sha512-5Eo4T/cnuXfrgO4k5LCpOGHIUOuz5hCF/IfNv0T29WY2shR36Hiz+ecN9WjnUuxUKhql9gbOkPaQoqLFKtPRNA=="],

    "regenerator-runtime": ["regenerator-runtime@https://registry.npmjs.org/regenerator-runtime/-/regenerator-runtime-0.14.0.tgz", {}, "sha512-srw17NI0TUWHuGa5CFGGmhfNIeja30WMBfbslPNhf6JrqQlLN5gcrvig1oqPxiVaXb0oW0XRKtH6Nngs5lKCIA=="],

    "rolldown": ["rolldown@1.1.2", "", { "dependencies": { "@oxc-project/types": "=0.137.0", "@rolldown/pluginutils": "^1.0.0" }, "optionalDependencies": { "@rolldown/binding-android-arm64": "1.1.2", "@rolldown/binding-darwin-arm64": "1.1.2", "@rolldown/binding-darwin-x64": "1.1.2", "@rolldown/binding-freebsd-x64": "1.1.2", "@rolldown/binding-linux-arm-gnueabihf": "1.1.2", "@rolldown/binding-linux-arm64-gnu": "1.1.2", "@rolldown/binding-linux-arm64-musl": "1.1.2", "@rolldown/binding-linux-ppc64-gnu": "1.1.2", "@rolldown/binding-linux-s390x-gnu": "1.1.2", "@rolldown/binding-linux-x64-gnu": "1.1.2", "@rolldown/binding-linux-x64-musl": "1.1.2", "@rolldown/binding-openharmony-arm64": "1.1.2", "@rolldown/binding-wasm32-wasi": "1.1.2", "@rolldown/binding-win32-arm64-msvc": "1.1.2", "@rolldown/binding-win32-x64-msvc": "1.1.2" }, "bin": { "rolldown": "./bin/cli.mjs" } }, "sha512-x0CrQQqCXWGeI8dTvFfN/Dnv3yMKT9hv5jFjlOreKAx9wqLq9wz7VvLLHyaAXC90/CpggTu9SisSbsJJTPSjNQ=="],

    "tslib": ["tslib@2.8.1", "", {}, "sha512-oJFu94HQb+KVduSUQL7wnpmqnfmLsOA/nAh6b6EH0wCEoK0/mPeXU6c3wKDV83MkOuHPRHtSXKKU99IBazS/2w=="],

    "typescript": ["typescript@5.9.3", "", { "bin": { "tsc": "bin/tsc", "tsserver": "bin/tsserver" } }, "sha512-jl1vZzPDinLr9eUt3J/t7V6FgNEw9QjvBPdysz9KfQDD41fQrC2Y4vKQdiaUpFT4bXlb1RHhLpp8wtm6M5TgSw=="],
  }
}
